
Microsoft Visual Studio Solution File, Format Version 12.00
Project("{FAE04EC0-301F-11D3-BF4B-00C04F79EFBC}") = "Ramazanova_project_3_2", "Ramazanova_project_3_2\Ramazanova_project_3_2.csproj", "{99965E7B-A1FC-4ACE-8D45-215690EBA6FB}"
EndProject
Global
	GlobalSection(SolutionConfigurationPlatforms) = preSolution
		Debug|Any CPU = Debug|Any CPU
		Release|Any CPU = Release|Any CPU
	EndGlobalSection
	GlobalSection(ProjectConfigurationPlatforms) = postSolution
		{99965E7B-A1FC-4ACE-8D45-215690EBA6FB}.Debug|Any CPU.ActiveCfg = Debug|Any CPU
		{99965E7B-A1FC-4ACE-8D45-215690EBA6FB}.Debug|Any CPU.Build.0 = Debug|Any CPU
		{99965E7B-A1FC-4ACE-8D45-215690EBA6FB}.Release|Any CPU.ActiveCfg = Release|Any CPU
		{99965E7B-A1FC-4ACE-8D45-215690EBA6FB}.Release|Any CPU.Build.0 = Release|Any CPU
	EndGlobalSection
EndGlobal
